
Microsoft Visual Studio Solution File, Format Version 12.00
# Visual Studio Version 16
VisualStudioVersion = 16.0.29209.152
MinimumVisualStudioVersion = 10.0.40219.1
Project("{FAE04EC0-301F-11D3-BF4B-00C04F79EFBC}") = "ConsoleApp", "ConsoleApp\ConsoleApp.csproj", "{59992BF4-9CF0-4A2C-BD9F-79A612B774D0}"
EndProject
Project("{2150E333-8FDC-42A3-9474-1A3956D46DE8}") = "Solution Items", "Solution Items", "{C97283CE-8074-4EC9-807F-70B32CF0DDAB}"
	ProjectSection(SolutionItems) = preProject
		wikipedia-detox-250-line-data.tsv.txt = wikipedia-detox-250-line-data.tsv.txt
	EndProjectSection
EndProject
Global
	GlobalSection(SolutionConfigurationPlatforms) = preSolution
		Debug|Any CPU = Debug|Any CPU
		Release|Any CPU = Release|Any CPU
	EndGlobalSection
	GlobalSection(ProjectConfigurationPlatforms) = postSolution
		{59992BF4-9CF0-4A2C-BD9F-79A612B774D0}.Debug|Any CPU.ActiveCfg = Debug|Any CPU
		{59992BF4-9CF0-4A2C-BD9F-79A612B774D0}.Debug|Any CPU.Build.0 = Debug|Any CPU
		{59992BF4-9CF0-4A2C-BD9F-79A612B774D0}.Release|Any CPU.ActiveCfg = Release|Any CPU
		{59992BF4-9CF0-4A2C-BD9F-79A612B774D0}.Release|Any CPU.Build.0 = Release|Any CPU
	EndGlobalSection
	GlobalSection(SolutionProperties) = preSolution
		HideSolutionNode = FALSE
	EndGlobalSection
	GlobalSection(ExtensibilityGlobals) = postSolution
		SolutionGuid = {AE4B61E5-D2D3-408B-9F84-B7EC46CB195F}
	EndGlobalSection
EndGlobal
